// !$*UTF8*$!
{
	archiveVersion = 1;
	classes = {
	};
	objectVersion = 55;
	objects = {

/* Begin PBXBuildFile section */
		3B74F6CB281480FD008A6885 /* GoogleService-Info.plist in Resources */ = {isa = PBXBuildFile; fileRef = 3B74F6CA281480FD008A6885 /* GoogleService-Info.plist */; };
		F3C5252528146CB300DC8A3C /* AppDelegate.swift in Sources */ = {isa = PBXBuildFile; fileRef = F3C5252428146CB300DC8A3C /* AppDelegate.swift */; };
		F3C5252728146CB300DC8A3C /* SceneDelegate.swift in Sources */ = {isa = PBXBuildFile; fileRef = F3C5252628146CB300DC8A3C /* SceneDelegate.swift */; };
		F3C5252928146CB300DC8A3C /* ViewController.swift in Sources */ = {isa = PBXBuildFile; fileRef = F3C5252828146CB300DC8A3C /* ViewController.swift */; };
		F3C5252C28146CB300DC8A3C /* Main.storyboard in Resources */ = {isa = PBXBuildFile; fileRef = F3C5252A28146CB300DC8A3C /* Main.storyboard */; };
		F3C5252E28146CB700DC8A3C /* Assets.xcassets in Resources */ = {isa = PBXBuildFile; fileRef = F3C5252D28146CB700DC8A3C /* Assets.xcassets */; };
		F3C5253128146CB700DC8A3C /* LaunchScreen.storyboard in Resources */ = {isa = PBXBuildFile; fileRef = F3C5252F28146CB700DC8A3C /* LaunchScreen.storyboard */; };
		F3C525392814818C00DC8A3C /* constant.swift in Sources */ = {isa = PBXBuildFile; fileRef = F3C525382814818C00DC8A3C /* constant.swift */; };
		F3C5253B281481A400DC8A3C /* TableViewController.swift in Sources */ = {isa = PBXBuildFile; fileRef = F3C5253A281481A400DC8A3C /* TableViewController.swift */; };
		F3C5253D281481B400DC8A3C /* DetailViewController.swift in Sources */ = {isa = PBXBuildFile; fileRef = F3C5253C281481B400DC8A3C /* DetailViewController.swift */; };
		F3C525402814826B00DC8A3C /* FirebaseAnalytics in Frameworks */ = {isa = PBXBuildFile; productRef = F3C5253F2814826B00DC8A3C /* FirebaseAnalytics */; };
		F3C525422814826B00DC8A3C /* FirebaseAuth in Frameworks */ = {isa = PBXBuildFile; productRef = F3C525412814826B00DC8A3C /* FirebaseAuth */; };
		F3C525442814826B00DC8A3C /* FirebaseDatabase in Frameworks */ = {isa = PBXBuildFile; productRef = F3C525432814826B00DC8A3C /* FirebaseDatabase */; };
		F3C525462814826B00DC8A3C /* FirebaseDatabaseSwift-Beta in Frameworks */ = {isa = PBXBuildFile; productRef = F3C525452814826B00DC8A3C /* FirebaseDatabaseSwift-Beta */; };
		F3C525482814826B00DC8A3C /* FirebaseFirestore in Frameworks */ = {isa = PBXBuildFile; productRef = F3C525472814826B00DC8A3C /* FirebaseFirestore */; };
		F3C5254A2814826B00DC8A3C /* FirebaseFirestoreSwift-Beta in Frameworks */ = {isa = PBXBuildFile; productRef = F3C525492814826B00DC8A3C /* FirebaseFirestoreSwift-Beta */; };
		F3C5254C2814826B00DC8A3C /* FirebaseFunctions in Frameworks */ = {isa = PBXBuildFile; productRef = F3C5254B2814826B00DC8A3C /* FirebaseFunctions */; };
		F3C5254E2814826B00DC8A3C /* FirebaseFunctionsCombine-Community in Frameworks */ = {isa = PBXBuildFile; productRef = F3C5254D2814826B00DC8A3C /* FirebaseFunctionsCombine-Community */; };
		F3C525502814826B00DC8A3C /* FirebaseFunctionsSwift-Beta in Frameworks */ = {isa = PBXBuildFile; productRef = F3C5254F2814826B00DC8A3C /* FirebaseFunctionsSwift-Beta */; };
		F3C525522814826B00DC8A3C /* FirebaseStorage in Frameworks */ = {isa = PBXBuildFile; productRef = F3C525512814826B00DC8A3C /* FirebaseStorage */; };
		F3C525552814829A00DC8A3C /* SideMenu in Frameworks */ = {isa = PBXBuildFile; productRef = F3C525542814829A00DC8A3C /* SideMenu */; };
/* End PBXBuildFile section */

/* Begin PBXFileReference section */
		3B74F6CA281480FD008A6885 /* GoogleService-Info.plist */ = {isa = PBXFileReference; fileEncoding = 4; lastKnownFileType = text.plist.xml; path = "GoogleService-Info.plist"; sourceTree = "<group>"; };
		F3C5252128146CB300DC8A3C /* PasswordS.app */ = {isa = PBXFileReference; explicitFileType = wrapper.application; includeInIndex = 0; path = PasswordS.app; sourceTree = BUILT_PRODUCTS_DIR; };
		F3C5252428146CB300DC8A3C /* AppDelegate.swift */ = {isa = PBXFileReference; lastKnownFileType = sourcecode.swift; path = AppDelegate.swift; sourceTree = "<group>"; };
		F3C5252628146CB300DC8A3C /* SceneDelegate.swift */ = {isa = PBXFileReference; lastKnownFileType = sourcecode.swift; path = SceneDelegate.swift; sourceTree = "<group>"; };
		F3C5252828146CB300DC8A3C /* ViewController.swift */ = {isa = PBXFileReference; lastKnownFileType = sourcecode.swift; path = ViewController.swift; sourceTree = "<group>"; };
		F3C5252B28146CB300DC8A3C /* Base */ = {isa = PBXFileReference; lastKnownFileType = file.storyboard; name = Base; path = Base.lproj/Main.storyboard; sourceTree = "<group>"; };
		F3C5252D28146CB700DC8A3C /* Assets.xcassets */ = {isa = PBXFileReference; lastKnownFileType = folder.assetcatalog; path = Assets.xcassets; sourceTree = "<group>"; };
		F3C5253028146CB700DC8A3C /* Base */ = {isa = PBXFileReference; lastKnownFileType = file.storyboard; name = Base; path = Base.lproj/LaunchScreen.storyboard; sourceTree = "<group>"; };
		F3C5253228146CB700DC8A3C /* Info.plist */ = {isa = PBXFileReference; lastKnownFileType = text.plist.xml; path = Info.plist; sourceTree = "<group>"; };
		F3C525382814818C00DC8A3C /* constant.swift */ = {isa = PBXFileReference; lastKnownFileType = sourcecode.swift; path = constant.swift; sourceTree = "<group>"; };
		F3C5253A281481A400DC8A3C /* TableViewController.swift */ = {isa = PBXFileReference; lastKnownFileType = sourcecode.swift; path = TableViewController.swift; sourceTree = "<group>"; };
		F3C5253C281481B400DC8A3C /* DetailViewController.swift */ = {isa = PBXFileReference; lastKnownFileType = sourcecode.swift; path = DetailViewController.swift; sourceTree = "<group>"; };
/* End PBXFileReference section */

/* Begin PBXFrameworksBuildPhase section */
		F3C5251E28146CB300DC8A3C /* Frameworks */ = {
			isa = PBXFrameworksBuildPhase;
			buildActionMask = 2147483647;
			files = (
				F3C525442814826B00DC8A3C /* FirebaseDatabase in Frameworks */,
				F3C525502814826B00DC8A3C /* FirebaseFunctionsSwift-Beta in Frameworks */,
				F3C5254C2814826B00DC8A3C /* FirebaseFunctions in Frameworks */,
				F3C525522814826B00DC8A3C /* FirebaseStorage in Frameworks */,
				F3C525402814826B00DC8A3C /* FirebaseAnalytics in Frameworks */,
				F3C525462814826B00DC8A3C /* FirebaseDatabaseSwift-Beta in Frameworks */,
				F3C5254A2814826B00DC8A3C /* FirebaseFirestoreSwift-Beta in Frameworks */,
				F3C525482814826B00DC8A3C /* FirebaseFirestore in Frameworks */,
				F3C525422814826B00DC8A3C /* FirebaseAuth in Frameworks */,
				F3C5254E2814826B00DC8A3C /* FirebaseFunctionsCombine-Community in Frameworks */,
				F3C525552814829A00DC8A3C /* SideMenu in Frameworks */,
			);
			runOnlyForDeploymentPostprocessing = 0;
		};
/* End PBXFrameworksBuildPhase section */

/* Begin PBXGroup section */
		F3C5251828146CB300DC8A3C = {
			isa = PBXGroup;
			children = (
				F3C5252328146CB300DC8A3C /* PasswordS */,
				F3C5252228146CB300DC8A3C /* Products */,
			);
			sourceTree = "<group>";
		};
		F3C5252228146CB300DC8A3C /* Products */ = {
			isa = PBXGroup;
			children = (
				F3C5252128146CB300DC8A3C /* PasswordS.app */,
			);
			name = Products;
			sourceTree = "<group>";
		};
		F3C5252328146CB300DC8A3C /* PasswordS */ = {
			isa = PBXGroup;
			children = (
				F3C5252428146CB300DC8A3C /* AppDelegate.swift */,
				F3C5252628146CB300DC8A3C /* SceneDelegate.swift */,
				F3C5252828146CB300DC8A3C /* ViewController.swift */,
				F3C5252A28146CB300DC8A3C /* Main.storyboard */,
				F3C5252D28146CB700DC8A3C /* Assets.xcassets */,
				F3C5252F28146CB700DC8A3C /* LaunchScreen.storyboard */,
				3B74F6CA281480FD008A6885 /* GoogleService-Info.plist */,
				F3C5253228146CB700DC8A3C /* Info.plist */,
				F3C525382814818C00DC8A3C /* constant.swift */,
				F3C5253A281481A400DC8A3C /* TableViewController.swift */,
				F3C5253C281481B400DC8A3C /* DetailViewController.swift */,
			);
			path = PasswordS;
			sourceTree = "<group>";
		};
/* End PBXGroup section */

/* Begin PBXNativeTarget section */
		F3C5252028146CB300DC8A3C /* PasswordS */ = {
			isa = PBXNativeTarget;
			buildConfigurationList = F3C5253528146CB700DC8A3C /* Build configuration list for PBXNativeTarget "PasswordS" */;
			buildPhases = (
				F3C5251D28146CB300DC8A3C /* Sources */,
				F3C5251E28146CB300DC8A3C /* Frameworks */,
				F3C5251F28146CB300DC8A3C /* Resources */,
			);
			buildRules = (
			);
			dependencies = (
			);
			name = PasswordS;
			packageProductDependencies = (
				F3C5253F2814826B00DC8A3C /* FirebaseAnalytics */,
				F3C525412814826B00DC8A3C /* FirebaseAuth */,
				F3C525432814826B00DC8A3C /* FirebaseDatabase */,
				F3C525452814826B00DC8A3C /* FirebaseDatabaseSwift-Beta */,
				F3C525472814826B00DC8A3C /* FirebaseFirestore */,
				F3C525492814826B00DC8A3C /* FirebaseFirestoreSwift-Beta */,
				F3C5254B2814826B00DC8A3C /* FirebaseFunctions */,
				F3C5254D2814826B00DC8A3C /* FirebaseFunctionsCombine-Community */,
				F3C5254F2814826B00DC8A3C /* FirebaseFunctionsSwift-Beta */,
				F3C525512814826B00DC8A3C /* FirebaseStorage */,
				F3C525542814829A00DC8A3C /* SideMenu */,
			);
			productName = PasswordS;
			productReference = F3C5252128146CB300DC8A3C /* PasswordS.app */;
			productType = "com.apple.product-type.application";
		};
/* End PBXNativeTarget section */

/* Begin PBXProject section */
		F3C5251928146CB300DC8A3C /* Project object */ = {
			isa = PBXProject;
			attributes = {
				BuildIndependentTargetsInParallel = 1;
				LastSwiftUpdateCheck = 1330;
				LastUpgradeCheck = 1330;
				TargetAttributes = {
					F3C5252028146CB300DC8A3C = {
						CreatedOnToolsVersion = 13.3;
					};
				};
			};
			buildConfigurationList = F3C5251C28146CB300DC8A3C /* Build configuration list for PBXProject "PasswordS" */;
			compatibilityVersion = "Xcode 13.0";
			developmentRegion = en;
			hasScannedForEncodings = 0;
			knownRegions = (
				en,
				Base,
			);
			mainGroup = F3C5251828146CB300DC8A3C;
			packageReferences = (
				F3C5253E2814826B00DC8A3C /* XCRemoteSwiftPackageReference "firebase-ios-sdk" */,
				F3C525532814829900DC8A3C /* XCRemoteSwiftPackageReference "SideMenu" */,
			);
			productRefGroup = F3C5252228146CB300DC8A3C /* Products */;
			projectDirPath = "";
			projectRoot = "";
			targets = (
				F3C5252028146CB300DC8A3C /* PasswordS */,
			);
		};
/* End PBXProject section */

/* Begin PBXResourcesBuildPhase section */
		F3C5251F28146CB300DC8A3C /* Resources */ = {
			isa = PBXResourcesBuildPhase;
			buildActionMask = 2147483647;
			files = (
				3B74F6CB281480FD008A6885 /* GoogleService-Info.plist in Resources */,
				F3C5253128146CB700DC8A3C /* LaunchScreen.storyboard in Resources */,
				F3C5252E28146CB700DC8A3C /* Assets.xcassets in Resources */,
				F3C5252C28146CB300DC8A3C /* Main.storyboard in Resources */,
			);
			runOnlyForDeploymentPostprocessing = 0;
		};
/* End PBXResourcesBuildPhase section */

/* Begin PBXSourcesBuildPhase section */
		F3C5251D28146CB300DC8A3C /* Sources */ = {
			isa = PBXSourcesBuildPhase;
			buildActionMask = 2147483647;
			files = (
				F3C5252928146CB300DC8A3C /* ViewController.swift in Sources */,
				F3C5252528146CB300DC8A3C /* AppDelegate.swift in Sources */,
				F3C5252728146CB300DC8A3C /* SceneDelegate.swift in Sources */,
				F3C5253D281481B400DC8A3C /* DetailViewController.swift in Sources */,
				F3C5253B281481A400DC8A3C /* TableViewController.swift in Sources */,
				F3C525392814818C00DC8A3C /* constant.swift in Sources */,
			);
			runOnlyForDeploymentPostprocessing = 0;
		};
/* End PBXSourcesBuildPhase section */

/* Begin PBXVariantGroup section */
		F3C5252A28146CB300DC8A3C /* Main.storyboard */ = {
			isa = PBXVariantGroup;
			children = (
				F3C5252B28146CB300DC8A3C /* Base */,
			);
			name = Main.storyboard;
			sourceTree = "<group>";
		};
		F3C5252F28146CB700DC8A3C /* LaunchScreen.storyboard */ = {
			isa = PBXVariantGroup;
			children = (
				F3C5253028146CB700DC8A3C /* Base */,
			);
			name = LaunchScreen.storyboard;
			sourceTree = "<group>";
		};
/* End PBXVariantGroup section */

/* Begin XCBuildConfiguration section */
		F3C5253328146CB700DC8A3C /* Debug */ = {
			isa = XCBuildConfiguration;
			buildSettings = {
				ALWAYS_SEARCH_USER_PATHS = NO;
				CLANG_ANALYZER_NONNULL = YES;
				CLANG_ANALYZER_NUMBER_OBJECT_CONVERSION = YES_AGGRESSIVE;
				CLANG_CXX_LANGUAGE_STANDARD = "gnu++17";
				CLANG_ENABLE_MODULES = YES;
				CLANG_ENABLE_OBJC_ARC = YES;
				CLANG_ENABLE_OBJC_WEAK = YES;
				CLANG_WARN_BLOCK_CAPTURE_AUTORELEASING = YES;
				CLANG_WARN_BOOL_CONVERSION = YES;
				CLANG_WARN_COMMA = YES;
				CLANG_WARN_CONSTANT_CONVERSION = YES;
				CLANG_WARN_DEPRECATED_OBJC_IMPLEMENTATIONS = YES;
				CLANG_WARN_DIRECT_OBJC_ISA_USAGE = YES_ERROR;
				CLANG_WARN_DOCUMENTATION_COMMENTS = YES;
				CLANG_WARN_EMPTY_BODY = YES;
				CLANG_WARN_ENUM_CONVERSION = YES;
				CLANG_WARN_INFINITE_RECURSION = YES;
				CLANG_WARN_INT_CONVERSION = YES;
				CLANG_WARN_NON_LITERAL_NULL_CONVERSION = YES;
				CLANG_WARN_OBJC_IMPLICIT_RETAIN_SELF = YES;
				CLANG_WARN_OBJC_LITERAL_CONVERSION = YES;
				CLANG_WARN_OBJC_ROOT_CLASS = YES_ERROR;
				CLANG_WARN_QUOTED_INCLUDE_IN_FRAMEWORK_HEADER = YES;
				CLANG_WARN_RANGE_LOOP_ANALYSIS = YES;
				CLANG_WARN_STRICT_PROTOTYPES = YES;
				CLANG_WARN_SUSPICIOUS_MOVE = YES;
				CLANG_WARN_UNGUARDED_AVAILABILITY = YES_AGGRESSIVE;
				CLANG_WARN_UNREACHABLE_CODE = YES;
				CLANG_WARN__DUPLICATE_METHOD_MATCH = YES;
				COPY_PHASE_STRIP = NO;
				DEBUG_INFORMATION_FORMAT = dwarf;
				ENABLE_STRICT_OBJC_MSGSEND = YES;
				ENABLE_TESTABILITY = YES;
				GCC_C_LANGUAGE_STANDARD = gnu11;
				GCC_DYNAMIC_NO_PIC = NO;
				GCC_NO_COMMON_BLOCKS = YES;
				GCC_OPTIMIZATION_LEVEL = 0;
				GCC_PREPROCESSOR_DEFINITIONS = (
					"DEBUG=1",
					"$(inherited)",
				);
				GCC_WARN_64_TO_32_BIT_CONVERSION = YES;
				GCC_WARN_ABOUT_RETURN_TYPE = YES_ERROR;
				GCC_WARN_UNDECLARED_SELECTOR = YES;
				GCC_WARN_UNINITIALIZED_AUTOS = YES_AGGRESSIVE;
				GCC_WARN_UNUSED_FUNCTION = YES;
				GCC_WARN_UNUSED_VARIABLE = YES;
				IPHONEOS_DEPLOYMENT_TARGET = 15.4;
				MTL_ENABLE_DEBUG_INFO = INCLUDE_SOURCE;
				MTL_FAST_MATH = YES;
				ONLY_ACTIVE_ARCH = YES;
				SDKROOT = iphoneos;
				SWIFT_ACTIVE_COMPILATION_CONDITIONS = DEBUG;
				SWIFT_OPTIMIZATION_LEVEL = "-Onone";
			};
			name = Debug;
		};
		F3C5253428146CB700DC8A3C /* Release */ = {
			isa = XCBuildConfiguration;
			buildSettings = {
				ALWAYS_SEARCH_USER_PATHS = NO;
				CLANG_ANALYZER_NONNULL = YES;
				CLANG_ANALYZER_NUMBER_OBJECT_CONVERSION = YES_AGGRESSIVE;
				CLANG_CXX_LANGUAGE_STANDARD = "gnu++17";
				CLANG_ENABLE_MODULES = YES;
				CLANG_ENABLE_OBJC_ARC = YES;
				CLANG_ENABLE_OBJC_WEAK = YES;
				CLANG_WARN_BLOCK_CAPTURE_AUTORELEASING = YES;
				CLANG_WARN_BOOL_CONVERSION = YES;
				CLANG_WARN_COMMA = YES;
				CLANG_WARN_CONSTANT_CONVERSION = YES;
				CLANG_WARN_DEPRECATED_OBJC_IMPLEMENTATIONS = YES;
				CLANG_WARN_DIRECT_OBJC_ISA_USAGE = YES_ERROR;
				CLANG_WARN_DOCUMENTATION_COMMENTS = YES;
				CLANG_WARN_EMPTY_BODY = YES;
				CLANG_WARN_ENUM_CONVERSION = YES;
				CLANG_WARN_INFINITE_RECURSION = YES;
				CLANG_WARN_INT_CONVERSION = YES;
				CLANG_WARN_NON_LITERAL_NULL_CONVERSION = YES;
				CLANG_WARN_OBJC_IMPLICIT_RETAIN_SELF = YES;
				CLANG_WARN_OBJC_LITERAL_CONVERSION = YES;
				CLANG_WARN_OBJC_ROOT_CLASS = YES_ERROR;
				CLANG_WARN_QUOTED_INCLUDE_IN_FRAMEWORK_HEADER = YES;
				CLANG_WARN_RANGE_LOOP_ANALYSIS = YES;
				CLANG_WARN_STRICT_PROTOTYPES = YES;
				CLANG_WARN_SUSPICIOUS_MOVE = YES;
				CLANG_WARN_UNGUARDED_AVAILABILITY = YES_AGGRESSIVE;
				CLANG_WARN_UNREACHABLE_CODE = YES;
				CLANG_WARN__DUPLICATE_METHOD_MATCH = YES;
				COPY_PHASE_STRIP = NO;
				DEBUG_INFORMATION_FORMAT = "dwarf-with-dsym";
				ENABLE_NS_ASSERTIONS = NO;
				ENABLE_STRICT_OBJC_MSGSEND = YES;
				GCC_C_LANGUAGE_STANDARD = gnu11;
				GCC_NO_COMMON_BLOCKS = YES;
				GCC_WARN_64_TO_32_BIT_CONVERSION = YES;
				GCC_WARN_ABOUT_RETURN_TYPE = YES_ERROR;
				GCC_WARN_UNDECLARED_SELECTOR = YES;
				GCC_WARN_UNINITIALIZED_AUTOS = YES_AGGRESSIVE;
				GCC_WARN_UNUSED_FUNCTION = YES;
				GCC_WARN_UNUSED_VARIABLE = YES;
				IPHONEOS_DEPLOYMENT_TARGET = 15.4;
				MTL_ENABLE_DEBUG_INFO = NO;
				MTL_FAST_MATH = YES;
				SDKROOT = iphoneos;
				SWIFT_COMPILATION_MODE = wholemodule;
				SWIFT_OPTIMIZATION_LEVEL = "-O";
				VALIDATE_PRODUCT = YES;
			};
			name = Release;
		};
		F3C5253628146CB700DC8A3C /* Debug */ = {
			isa = XCBuildConfiguration;
			buildSettings = {
				ASSETCATALOG_COMPILER_APPICON_NAME = AppIcon;
				ASSETCATALOG_COMPILER_GLOBAL_ACCENT_COLOR_NAME = AccentColor;
				CODE_SIGN_STYLE = Automatic;
				CURRENT_PROJECT_VERSION = 1;
				GENERATE_INFOPLIST_FILE = YES;
				INFOPLIST_FILE = PasswordS/Info.plist;
				INFOPLIST_KEY_UIApplicationSupportsIndirectInputEvents = YES;
				INFOPLIST_KEY_UILaunchStoryboardName = LaunchScreen;
				INFOPLIST_KEY_UIMainStoryboardFile = Main;
				INFOPLIST_KEY_UISupportedInterfaceOrientations = "UIInterfaceOrientationPortrait UIInterfaceOrientationPortraitUpsideDown";
				INFOPLIST_KEY_UISupportedInterfaceOrientations_iPad = "UIInterfaceOrientationPortrait UIInterfaceOrientationPortraitUpsideDown";
				INFOPLIST_KEY_UISupportedInterfaceOrientations_iPhone = "UIInterfaceOrientationPortrait UIInterfaceOrientationLandscapeLeft UIInterfaceOrientationLandscapeRight";
				LD_RUNPATH_SEARCH_PATHS = (
					"$(inherited)",
					"@executable_path/Frameworks",
				);
				MARKETING_VERSION = 1.0;
				PRODUCT_BUNDLE_IDENTIFIER = edu.rosehulman.liaoz1.PasswordS;
				PRODUCT_NAME = "$(TARGET_NAME)";
				SWIFT_EMIT_LOC_STRINGS = YES;
				SWIFT_VERSION = 5.0;
				TARGETED_DEVICE_FAMILY = 2;
			};
			name = Debug;
		};
		F3C5253728146CB700DC8A3C /* Release */ = {
			isa = XCBuildConfiguration;
			buildSettings = {
				ASSETCATALOG_COMPILER_APPICON_NAME = AppIcon;
				ASSETCATALOG_COMPILER_GLOBAL_ACCENT_COLOR_NAME = AccentColor;
				CODE_SIGN_STYLE = Automatic;
				CURRENT_PROJECT_VERSION = 1;
				GENERATE_INFOPLIST_FILE = YES;
				INFOPLIST_FILE = PasswordS/Info.plist;
				INFOPLIST_KEY_UIApplicationSupportsIndirectInputEvents = YES;
				INFOPLIST_KEY_UILaunchStoryboardName = LaunchScreen;
				INFOPLIST_KEY_UIMainStoryboardFile = Main;
				INFOPLIST_KEY_UISupportedInterfaceOrientations = "UIInterfaceOrientationPortrait UIInterfaceOrientationPortraitUpsideDown";
				INFOPLIST_KEY_UISupportedInterfaceOrientations_iPad = "UIInterfaceOrientationPortrait UIInterfaceOrientationPortraitUpsideDown";
				INFOPLIST_KEY_UISupportedInterfaceOrientations_iPhone = "UIInterfaceOrientationPortrait UIInterfaceOrientationLandscapeLeft UIInterfaceOrientationLandscapeRight";
				LD_RUNPATH_SEARCH_PATHS = (
					"$(inherited)",
					"@executable_path/Frameworks",
				);
				MARKETING_VERSION = 1.0;
				PRODUCT_BUNDLE_IDENTIFIER = edu.rosehulman.liaoz1.PasswordS;
				PRODUCT_NAME = "$(TARGET_NAME)";
				SWIFT_EMIT_LOC_STRINGS = YES;
				SWIFT_VERSION = 5.0;
				TARGETED_DEVICE_FAMILY = 2;
			};
			name = Release;
		};
/* End XCBuildConfiguration section */

/* Begin XCConfigurationList section */
		F3C5251C28146CB300DC8A3C /* Build configuration list for PBXProject "PasswordS" */ = {
			isa = XCConfigurationList;
			buildConfigurations = (
				F3C5253328146CB700DC8A3C /* Debug */,
				F3C5253428146CB700DC8A3C /* Release */,
			);
			defaultConfigurationIsVisible = 0;
			defaultConfigurationName = Release;
		};
		F3C5253528146CB700DC8A3C /* Build configuration list for PBXNativeTarget "PasswordS" */ = {
			isa = XCConfigurationList;
			buildConfigurations = (
				F3C5253628146CB700DC8A3C /* Debug */,
				F3C5253728146CB700DC8A3C /* Release */,
			);
			defaultConfigurationIsVisible = 0;
			defaultConfigurationName = Release;
		};
/* End XCConfigurationList section */

/* Begin XCRemoteSwiftPackageReference section */
		F3C5253E2814826B00DC8A3C /* XCRemoteSwiftPackageReference "firebase-ios-sdk" */ = {
			isa = XCRemoteSwiftPackageReference;
			repositoryURL = "https://github.com/firebase/firebase-ios-sdk.git";
			requirement = {
				kind = upToNextMajorVersion;
				minimumVersion = 8.0.0;
			};
		};
		F3C525532814829900DC8A3C /* XCRemoteSwiftPackageReference "SideMenu" */ = {
			isa = XCRemoteSwiftPackageReference;
			repositoryURL = "https://github.com/jonkykong/SideMenu.git";
			requirement = {
				branch = master;
				kind = branch;
			};
		};
/* End XCRemoteSwiftPackageReference section */

/* Begin XCSwiftPackageProductDependency section */
		F3C5253F2814826B00DC8A3C /* FirebaseAnalytics */ = {
			isa = XCSwiftPackageProductDependency;
			package = F3C5253E2814826B00DC8A3C /* XCRemoteSwiftPackageReference "firebase-ios-sdk" */;
			productName = FirebaseAnalytics;
		};
		F3C525412814826B00DC8A3C /* FirebaseAuth */ = {
			isa = XCSwiftPackageProductDependency;
			package = F3C5253E2814826B00DC8A3C /* XCRemoteSwiftPackageReference "firebase-ios-sdk" */;
			productName = FirebaseAuth;
		};
		F3C525432814826B00DC8A3C /* FirebaseDatabase */ = {
			isa = XCSwiftPackageProductDependency;
			package = F3C5253E2814826B00DC8A3C /* XCRemoteSwiftPackageReference "firebase-ios-sdk" */;
			productName = FirebaseDatabase;
		};
		F3C525452814826B00DC8A3C /* FirebaseDatabaseSwift-Beta */ = {
			isa = XCSwiftPackageProductDependency;
			package = F3C5253E2814826B00DC8A3C /* XCRemoteSwiftPackageReference "firebase-ios-sdk" */;
			productName = "FirebaseDatabaseSwift-Beta";
		};
		F3C525472814826B00DC8A3C /* FirebaseFirestore */ = {
			isa = XCSwiftPackageProductDependency;
			package = F3C5253E2814826B00DC8A3C /* XCRemoteSwiftPackageReference "firebase-ios-sdk" */;
			productName = FirebaseFirestore;
		};
		F3C525492814826B00DC8A3C /* FirebaseFirestoreSwift-Beta */ = {
			isa = XCSwiftPackageProductDependency;
			package = F3C5253E2814826B00DC8A3C /* XCRemoteSwiftPackageReference "firebase-ios-sdk" */;
			productName = "FirebaseFirestoreSwift-Beta";
		};
		F3C5254B2814826B00DC8A3C /* FirebaseFunctions */ = {
			isa = XCSwiftPackageProductDependency;
			package = F3C5253E2814826B00DC8A3C /* XCRemoteSwiftPackageReference "firebase-ios-sdk" */;
			productName = FirebaseFunctions;
		};
		F3C5254D2814826B00DC8A3C /* FirebaseFunctionsCombine-Community */ = {
			isa = XCSwiftPackageProductDependency;
			package = F3C5253E2814826B00DC8A3C /* XCRemoteSwiftPackageReference "firebase-ios-sdk" */;
			productName = "FirebaseFunctionsCombine-Community";
		};
		F3C5254F2814826B00DC8A3C /* FirebaseFunctionsSwift-Beta */ = {
			isa = XCSwiftPackageProductDependency;
			package = F3C5253E2814826B00DC8A3C /* XCRemoteSwiftPackageReference "firebase-ios-sdk" */;
			productName = "FirebaseFunctionsSwift-Beta";
		};
		F3C525512814826B00DC8A3C /* FirebaseStorage */ = {
			isa = XCSwiftPackageProductDependency;
			package = F3C5253E2814826B00DC8A3C /* XCRemoteSwiftPackageReference "firebase-ios-sdk" */;
			productName = FirebaseStorage;
		};
		F3C525542814829A00DC8A3C /* SideMenu */ = {
			isa = XCSwiftPackageProductDependency;
			package = F3C525532814829900DC8A3C /* XCRemoteSwiftPackageReference "SideMenu" */;
			productName = SideMenu;
		};
/* End XCSwiftPackageProductDependency section */
	};
	rootObject = F3C5251928146CB300DC8A3C /* Project object */;
}
